
Microsoft Visual Studio Solution File, Format Version 12.00
# Visual Studio Version 16
VisualStudioVersion = 16.0.33214.272
MinimumVisualStudioVersion = 10.0.40219.1
Project("{FAE04EC0-301F-11D3-BF4B-00C04F79EFBC}") = "JIPP_Bookstore", "JIPP-Bookstore\JIPP_Bookstore.csproj", "{80C895F6-D276-4CE0-BBA7-0F345E872F4B}"
EndProject
Global
	GlobalSection(SolutionConfigurationPlatforms) = preSolution
		Debug|Any CPU = Debug|Any CPU
		Release|Any CPU = Release|Any CPU
	EndGlobalSection
	GlobalSection(ProjectConfigurationPlatforms) = postSolution
		{80C895F6-D276-4CE0-BBA7-0F345E872F4B}.Debug|Any CPU.ActiveCfg = Debug|Any CPU
		{80C895F6-D276-4CE0-BBA7-0F345E872F4B}.Debug|Any CPU.Build.0 = Debug|Any CPU
		{80C895F6-D276-4CE0-BBA7-0F345E872F4B}.Release|Any CPU.ActiveCfg = Release|Any CPU
		{80C895F6-D276-4CE0-BBA7-0F345E872F4B}.Release|Any CPU.Build.0 = Release|Any CPU
	EndGlobalSection
	GlobalSection(SolutionProperties) = preSolution
		HideSolutionNode = FALSE
	EndGlobalSection
	GlobalSection(ExtensibilityGlobals) = postSolution
		SolutionGuid = {910116CE-959E-4FAF-B899-63659C2A1CCB}
	EndGlobalSection
EndGlobal
